// !$*UTF8*$!
{
	archiveVersion = 1;
	classes = {
	};
	objectVersion = 46;
	objects = {

/* Begin PBXBuildFile section */
		B921DDE21EABA11C00C7C361 /* AppDelegate.swift in Sources */ = {isa = PBXBuildFile; fileRef = B921DDE11EABA11C00C7C361 /* AppDelegate.swift */; };
		B921DDE41EABA11C00C7C361 /* ViewController.swift in Sources */ = {isa = PBXBuildFile; fileRef = B921DDE31EABA11C00C7C361 /* ViewController.swift */; };
		B921DDE71EABA11C00C7C361 /* Main.storyboard in Resources */ = {isa = PBXBuildFile; fileRef = B921DDE51EABA11C00C7C361 /* Main.storyboard */; };
		B921DDE91EABA11C00C7C361 /* Assets.xcassets in Resources */ = {isa = PBXBuildFile; fileRef = B921DDE81EABA11C00C7C361 /* Assets.xcassets */; };
		B921DDEC1EABA11C00C7C361 /* LaunchScreen.storyboard in Resources */ = {isa = PBXBuildFile; fileRef = B921DDEA1EABA11C00C7C361 /* LaunchScreen.storyboard */; };
		B939A21A1FA0041B00494BB2 /* AuthorizationManager.swift in Sources */ = {isa = PBXBuildFile; fileRef = B939A2191FA0041B00494BB2 /* AuthorizationManager.swift */; };
		B99E2EC01ECFF5360006FCF1 /* PlaylistTableViewCell.xib in Resources */ = {isa = PBXBuildFile; fileRef = B99E2EBF1ECFF5360006FCF1 /* PlaylistTableViewCell.xib */; };
		B99E2EC21ECFF5A30006FCF1 /* PlaylistTableViewCell.swift in Sources */ = {isa = PBXBuildFile; fileRef = B99E2EC11ECFF5A30006FCF1 /* PlaylistTableViewCell.swift */; };
		B9C3CC931ED05EC8006944D7 /* smallLoader.gif in Resources */ = {isa = PBXBuildFile; fileRef = B9C3CC921ED05EC8006944D7 /* smallLoader.gif */; };
		B9C909301ECFCE8900B97503 /* AppData.swift in Sources */ = {isa = PBXBuildFile; fileRef = B9C9092F1ECFCE8900B97503 /* AppData.swift */; };
		B9C909321ECFDF7500B97503 /* APIManager.swift in Sources */ = {isa = PBXBuildFile; fileRef = B9C909311ECFDF7500B97503 /* APIManager.swift */; };
		B9C909341ECFDF8B00B97503 /* User.swift in Sources */ = {isa = PBXBuildFile; fileRef = B9C909331ECFDF8B00B97503 /* User.swift */; };
		B9C909361ECFDFA400B97503 /* Genre.swift in Sources */ = {isa = PBXBuildFile; fileRef = B9C909351ECFDFA400B97503 /* Genre.swift */; };
		B9C909381ECFDFBD00B97503 /* Colors.swift in Sources */ = {isa = PBXBuildFile; fileRef = B9C909371ECFDFBD00B97503 /* Colors.swift */; };
		B9DF7F041EABB8B5002612C5 /* Network.swift in Sources */ = {isa = PBXBuildFile; fileRef = B9DF7F031EABB8B5002612C5 /* Network.swift */; };
		E845AF27F8D3A935C5F06C35 /* Pods_MusicProfile.framework in Frameworks */ = {isa = PBXBuildFile; fileRef = 78C1C463EFC3F9C026A77A45 /* Pods_MusicProfile.framework */; };
/* End PBXBuildFile section */

/* Begin PBXFileReference section */
		12B11D5388F284E39EA4D9FE /* Pods-MusicProfile.debug.xcconfig */ = {isa = PBXFileReference; includeInIndex = 1; lastKnownFileType = text.xcconfig; name = "Pods-MusicProfile.debug.xcconfig"; path = "Pods/Target Support Files/Pods-MusicProfile/Pods-MusicProfile.debug.xcconfig"; sourceTree = "<group>"; };
		2EEBE4594CA8B901E5670FB1 /* Pods-MusicProfile.release.xcconfig */ = {isa = PBXFileReference; includeInIndex = 1; lastKnownFileType = text.xcconfig; name = "Pods-MusicProfile.release.xcconfig"; path = "Pods/Target Support Files/Pods-MusicProfile/Pods-MusicProfile.release.xcconfig"; sourceTree = "<group>"; };
		78C1C463EFC3F9C026A77A45 /* Pods_MusicProfile.framework */ = {isa = PBXFileReference; explicitFileType = wrapper.framework; includeInIndex = 0; path = Pods_MusicProfile.framework; sourceTree = BUILT_PRODUCTS_DIR; };
		B921DDDE1EABA11C00C7C361 /* MusicProfile.app */ = {isa = PBXFileReference; explicitFileType = wrapper.application; includeInIndex = 0; path = MusicProfile.app; sourceTree = BUILT_PRODUCTS_DIR; };
		B921DDE11EABA11C00C7C361 /* AppDelegate.swift */ = {isa = PBXFileReference; lastKnownFileType = sourcecode.swift; path = AppDelegate.swift; sourceTree = "<group>"; };
		B921DDE31EABA11C00C7C361 /* ViewController.swift */ = {isa = PBXFileReference; lastKnownFileType = sourcecode.swift; path = ViewController.swift; sourceTree = "<group>"; };
		B921DDE61EABA11C00C7C361 /* Base */ = {isa = PBXFileReference; lastKnownFileType = file.storyboard; name = Base; path = Base.lproj/Main.storyboard; sourceTree = "<group>"; };
		B921DDE81EABA11C00C7C361 /* Assets.xcassets */ = {isa = PBXFileReference; lastKnownFileType = folder.assetcatalog; path = Assets.xcassets; sourceTree = "<group>"; };
		B921DDEB1EABA11C00C7C361 /* Base */ = {isa = PBXFileReference; lastKnownFileType = file.storyboard; name = Base; path = Base.lproj/LaunchScreen.storyboard; sourceTree = "<group>"; };
		B921DDED1EABA11C00C7C361 /* Info.plist */ = {isa = PBXFileReference; lastKnownFileType = text.plist.xml; path = Info.plist; sourceTree = "<group>"; };
		B939A2191FA0041B00494BB2 /* AuthorizationManager.swift */ = {isa = PBXFileReference; lastKnownFileType = sourcecode.swift; path = AuthorizationManager.swift; sourceTree = "<group>"; };
		B99E2EBF1ECFF5360006FCF1 /* PlaylistTableViewCell.xib */ = {isa = PBXFileReference; fileEncoding = 4; lastKnownFileType = file.xib; path = PlaylistTableViewCell.xib; sourceTree = "<group>"; };
		B99E2EC11ECFF5A30006FCF1 /* PlaylistTableViewCell.swift */ = {isa = PBXFileReference; fileEncoding = 4; lastKnownFileType = sourcecode.swift; path = PlaylistTableViewCell.swift; sourceTree = "<group>"; };
		B9C3CC921ED05EC8006944D7 /* smallLoader.gif */ = {isa = PBXFileReference; lastKnownFileType = image.gif; path = smallLoader.gif; sourceTree = "<group>"; };
		B9C9092F1ECFCE8900B97503 /* AppData.swift */ = {isa = PBXFileReference; fileEncoding = 4; lastKnownFileType = sourcecode.swift; path = AppData.swift; sourceTree = "<group>"; };
		B9C909311ECFDF7500B97503 /* APIManager.swift */ = {isa = PBXFileReference; fileEncoding = 4; lastKnownFileType = sourcecode.swift; path = APIManager.swift; sourceTree = "<group>"; };
		B9C909331ECFDF8B00B97503 /* User.swift */ = {isa = PBXFileReference; fileEncoding = 4; lastKnownFileType = sourcecode.swift; path = User.swift; sourceTree = "<group>"; };
		B9C909351ECFDFA400B97503 /* Genre.swift */ = {isa = PBXFileReference; fileEncoding = 4; lastKnownFileType = sourcecode.swift; path = Genre.swift; sourceTree = "<group>"; };
		B9C909371ECFDFBD00B97503 /* Colors.swift */ = {isa = PBXFileReference; fileEncoding = 4; lastKnownFileType = sourcecode.swift; path = Colors.swift; sourceTree = "<group>"; };
		B9DF7F031EABB8B5002612C5 /* Network.swift */ = {isa = PBXFileReference; fileEncoding = 4; lastKnownFileType = sourcecode.swift; path = Network.swift; sourceTree = "<group>"; };
/* End PBXFileReference section */

/* Begin PBXFrameworksBuildPhase section */
		B921DDDB1EABA11C00C7C361 /* Frameworks */ = {
			isa = PBXFrameworksBuildPhase;
			buildActionMask = 2147483647;
			files = (
				E845AF27F8D3A935C5F06C35 /* Pods_MusicProfile.framework in Frameworks */,
			);
			runOnlyForDeploymentPostprocessing = 0;
		};
/* End PBXFrameworksBuildPhase section */

/* Begin PBXGroup section */
		20C3D8B49FD79B7C9B7925E2 /* Pods */ = {
			isa = PBXGroup;
			children = (
				12B11D5388F284E39EA4D9FE /* Pods-MusicProfile.debug.xcconfig */,
				2EEBE4594CA8B901E5670FB1 /* Pods-MusicProfile.release.xcconfig */,
			);
			name = Pods;
			sourceTree = "<group>";
		};
		2AC58BC4C2D320209B8DB5D2 /* Frameworks */ = {
			isa = PBXGroup;
			children = (
				78C1C463EFC3F9C026A77A45 /* Pods_MusicProfile.framework */,
			);
			name = Frameworks;
			sourceTree = "<group>";
		};
		B921DDD51EABA11C00C7C361 = {
			isa = PBXGroup;
			children = (
				B921DDE01EABA11C00C7C361 /* MusicProfile */,
				B921DDDF1EABA11C00C7C361 /* Products */,
				20C3D8B49FD79B7C9B7925E2 /* Pods */,
				2AC58BC4C2D320209B8DB5D2 /* Frameworks */,
			);
			sourceTree = "<group>";
		};
		B921DDDF1EABA11C00C7C361 /* Products */ = {
			isa = PBXGroup;
			children = (
				B921DDDE1EABA11C00C7C361 /* MusicProfile.app */,
			);
			name = Products;
			sourceTree = "<group>";
		};
		B921DDE01EABA11C00C7C361 /* MusicProfile */ = {
			isa = PBXGroup;
			children = (
				B939A2181FA003F300494BB2 /* MusicKit */,
				B921DDE11EABA11C00C7C361 /* AppDelegate.swift */,
				B9C9092F1ECFCE8900B97503 /* AppData.swift */,
				B921DDE31EABA11C00C7C361 /* ViewController.swift */,
				B9C3CC8F1ED05C0D006944D7 /* GIF */,
				B9C909351ECFDFA400B97503 /* Genre.swift */,
				B9C909311ECFDF7500B97503 /* APIManager.swift */,
				B9C909371ECFDFBD00B97503 /* Colors.swift */,
				B9C909331ECFDF8B00B97503 /* User.swift */,
				B9DF7F031EABB8B5002612C5 /* Network.swift */,
				B99E2EBF1ECFF5360006FCF1 /* PlaylistTableViewCell.xib */,
				B99E2EC11ECFF5A30006FCF1 /* PlaylistTableViewCell.swift */,
				B921DDE51EABA11C00C7C361 /* Main.storyboard */,
				B921DDE81EABA11C00C7C361 /* Assets.xcassets */,
				B921DDEA1EABA11C00C7C361 /* LaunchScreen.storyboard */,
				B921DDED1EABA11C00C7C361 /* Info.plist */,
			);
			path = MusicProfile;
			sourceTree = "<group>";
		};
		B939A2181FA003F300494BB2 /* MusicKit */ = {
			isa = PBXGroup;
			children = (
				B939A2191FA0041B00494BB2 /* AuthorizationManager.swift */,
			);
			name = MusicKit;
			sourceTree = "<group>";
		};
		B9C3CC8F1ED05C0D006944D7 /* GIF */ = {
			isa = PBXGroup;
			children = (
				B9C3CC921ED05EC8006944D7 /* smallLoader.gif */,
			);
			name = GIF;
			sourceTree = "<group>";
		};
/* End PBXGroup section */

/* Begin PBXNativeTarget section */
		B921DDDD1EABA11C00C7C361 /* MusicProfile */ = {
			isa = PBXNativeTarget;
			buildConfigurationList = B921DDF01EABA11C00C7C361 /* Build configuration list for PBXNativeTarget "MusicProfile" */;
			buildPhases = (
				1CE15CDDBCEDA3317DD75C0D /* [CP] Check Pods Manifest.lock */,
				B921DDDA1EABA11C00C7C361 /* Sources */,
				B921DDDB1EABA11C00C7C361 /* Frameworks */,
				B921DDDC1EABA11C00C7C361 /* Resources */,
				DF1D350D219B91A0885B60ED /* [CP] Embed Pods Frameworks */,
				C746852387FDC272E6A57466 /* [CP] Copy Pods Resources */,
			);
			buildRules = (
			);
			dependencies = (
			);
			name = MusicProfile;
			productName = MusicProfile;
			productReference = B921DDDE1EABA11C00C7C361 /* MusicProfile.app */;
			productType = "com.apple.product-type.application";
		};
/* End PBXNativeTarget section */

/* Begin PBXProject section */
		B921DDD61EABA11C00C7C361 /* Project object */ = {
			isa = PBXProject;
			attributes = {
				LastSwiftUpdateCheck = 0830;
				LastUpgradeCheck = 0900;
				ORGANIZATIONNAME = "Tal Cohen";
				TargetAttributes = {
					B921DDDD1EABA11C00C7C361 = {
						CreatedOnToolsVersion = 8.3.2;
						DevelopmentTeam = 9P63DYGH75;
						ProvisioningStyle = Automatic;
					};
				};
			};
			buildConfigurationList = B921DDD91EABA11C00C7C361 /* Build configuration list for PBXProject "MusicProfile" */;
			compatibilityVersion = "Xcode 3.2";
			developmentRegion = English;
			hasScannedForEncodings = 0;
			knownRegions = (
				en,
				Base,
			);
			mainGroup = B921DDD51EABA11C00C7C361;
			productRefGroup = B921DDDF1EABA11C00C7C361 /* Products */;
			projectDirPath = "";
			projectRoot = "";
			targets = (
				B921DDDD1EABA11C00C7C361 /* MusicProfile */,
			);
		};
/* End PBXProject section */

/* Begin PBXResourcesBuildPhase section */
		B921DDDC1EABA11C00C7C361 /* Resources */ = {
			isa = PBXResourcesBuildPhase;
			buildActionMask = 2147483647;
			files = (
				B921DDEC1EABA11C00C7C361 /* LaunchScreen.storyboard in Resources */,
				B9C3CC931ED05EC8006944D7 /* smallLoader.gif in Resources */,
				B921DDE91EABA11C00C7C361 /* Assets.xcassets in Resources */,
				B921DDE71EABA11C00C7C361 /* Main.storyboard in Resources */,
				B99E2EC01ECFF5360006FCF1 /* PlaylistTableViewCell.xib in Resources */,
			);
			runOnlyForDeploymentPostprocessing = 0;
		};
/* End PBXResourcesBuildPhase section */

/* Begin PBXShellScriptBuildPhase section */
		1CE15CDDBCEDA3317DD75C0D /* [CP] Check Pods Manifest.lock */ = {
			isa = PBXShellScriptBuildPhase;
			buildActionMask = 2147483647;
			files = (
			);
			inputPaths = (
				"${PODS_PODFILE_DIR_PATH}/Podfile.lock",
				"${PODS_ROOT}/Manifest.lock",
			);
			name = "[CP] Check Pods Manifest.lock";
			outputPaths = (
				"$(DERIVED_FILE_DIR)/Pods-MusicProfile-checkManifestLockResult.txt",
			);
			runOnlyForDeploymentPostprocessing = 0;
			shellPath = /bin/sh;
			shellScript = "diff \"${PODS_PODFILE_DIR_PATH}/Podfile.lock\" \"${PODS_ROOT}/Manifest.lock\" > /dev/null\nif [ $? != 0 ] ; then\n    # print error to STDERR\n    echo \"error: The sandbox is not in sync with the Podfile.lock. Run 'pod install' or update your CocoaPods installation.\" >&2\n    exit 1\nfi\n# This output is used by Xcode 'outputs' to avoid re-running this script phase.\necho \"SUCCESS\" > \"${SCRIPT_OUTPUT_FILE_0}\"\n";
			showEnvVarsInLog = 0;
		};
		C746852387FDC272E6A57466 /* [CP] Copy Pods Resources */ = {
			isa = PBXShellScriptBuildPhase;
			buildActionMask = 2147483647;
			files = (
			);
			inputPaths = (
			);
			name = "[CP] Copy Pods Resources";
			outputPaths = (
			);
			runOnlyForDeploymentPostprocessing = 0;
			shellPath = /bin/sh;
			shellScript = "\"${SRCROOT}/Pods/Target Support Files/Pods-MusicProfile/Pods-MusicProfile-resources.sh\"\n";
			showEnvVarsInLog = 0;
		};
		DF1D350D219B91A0885B60ED /* [CP] Embed Pods Frameworks */ = {
			isa = PBXShellScriptBuildPhase;
			buildActionMask = 2147483647;
			files = (
			);
			inputPaths = (
				"${SRCROOT}/Pods/Target Support Files/Pods-MusicProfile/Pods-MusicProfile-frameworks.sh",
				"${BUILT_PRODUCTS_DIR}/PieCharts/PieCharts.framework",
				"${BUILT_PRODUCTS_DIR}/RxCocoa/RxCocoa.framework",
				"${BUILT_PRODUCTS_DIR}/RxSwift/RxSwift.framework",
				"${BUILT_PRODUCTS_DIR}/SwiftyJSON/SwiftyJSON.framework",
			);
			name = "[CP] Embed Pods Frameworks";
			outputPaths = (
				"${TARGET_BUILD_DIR}/${FRAMEWORKS_FOLDER_PATH}/PieCharts.framework",
				"${TARGET_BUILD_DIR}/${FRAMEWORKS_FOLDER_PATH}/RxCocoa.framework",
				"${TARGET_BUILD_DIR}/${FRAMEWORKS_FOLDER_PATH}/RxSwift.framework",
				"${TARGET_BUILD_DIR}/${FRAMEWORKS_FOLDER_PATH}/SwiftyJSON.framework",
			);
			runOnlyForDeploymentPostprocessing = 0;
			shellPath = /bin/sh;
			shellScript = "\"${SRCROOT}/Pods/Target Support Files/Pods-MusicProfile/Pods-MusicProfile-frameworks.sh\"\n";
			showEnvVarsInLog = 0;
		};
/* End PBXShellScriptBuildPhase section */

/* Begin PBXSourcesBuildPhase section */
		B921DDDA1EABA11C00C7C361 /* Sources */ = {
			isa = PBXSourcesBuildPhase;
			buildActionMask = 2147483647;
			files = (
				B921DDE41EABA11C00C7C361 /* ViewController.swift in Sources */,
				B9C909381ECFDFBD00B97503 /* Colors.swift in Sources */,
				B921DDE21EABA11C00C7C361 /* AppDelegate.swift in Sources */,
				B9C909341ECFDF8B00B97503 /* User.swift in Sources */,
				B9C909321ECFDF7500B97503 /* APIManager.swift in Sources */,
				B9DF7F041EABB8B5002612C5 /* Network.swift in Sources */,
				B9C909301ECFCE8900B97503 /* AppData.swift in Sources */,
				B939A21A1FA0041B00494BB2 /* AuthorizationManager.swift in Sources */,
				B9C909361ECFDFA400B97503 /* Genre.swift in Sources */,
				B99E2EC21ECFF5A30006FCF1 /* PlaylistTableViewCell.swift in Sources */,
			);
			runOnlyForDeploymentPostprocessing = 0;
		};
/* End PBXSourcesBuildPhase section */

/* Begin PBXVariantGroup section */
		B921DDE51EABA11C00C7C361 /* Main.storyboard */ = {
			isa = PBXVariantGroup;
			children = (
				B921DDE61EABA11C00C7C361 /* Base */,
			);
			name = Main.storyboard;
			sourceTree = "<group>";
		};
		B921DDEA1EABA11C00C7C361 /* LaunchScreen.storyboard */ = {
			isa = PBXVariantGroup;
			children = (
				B921DDEB1EABA11C00C7C361 /* Base */,
			);
			name = LaunchScreen.storyboard;
			sourceTree = "<group>";
		};
/* End PBXVariantGroup section */

/* Begin XCBuildConfiguration section */
		B921DDEE1EABA11C00C7C361 /* Debug */ = {
			isa = XCBuildConfiguration;
			buildSettings = {
				ALWAYS_SEARCH_USER_PATHS = NO;
				CLANG_ANALYZER_NONNULL = YES;
				CLANG_ANALYZER_NUMBER_OBJECT_CONVERSION = YES_AGGRESSIVE;
				CLANG_CXX_LANGUAGE_STANDARD = "gnu++0x";
				CLANG_CXX_LIBRARY = "libc++";
				CLANG_ENABLE_MODULES = YES;
				CLANG_ENABLE_OBJC_ARC = YES;
				CLANG_WARN_BLOCK_CAPTURE_AUTORELEASING = YES;
				CLANG_WARN_BOOL_CONVERSION = YES;
				CLANG_WARN_COMMA = YES;
				CLANG_WARN_CONSTANT_CONVERSION = YES;
				CLANG_WARN_DIRECT_OBJC_ISA_USAGE = YES_ERROR;
				CLANG_WARN_DOCUMENTATION_COMMENTS = YES;
				CLANG_WARN_EMPTY_BODY = YES;
				CLANG_WARN_ENUM_CONVERSION = YES;
				CLANG_WARN_INFINITE_RECURSION = YES;
				CLANG_WARN_INT_CONVERSION = YES;
				CLANG_WARN_NON_LITERAL_NULL_CONVERSION = YES;
				CLANG_WARN_OBJC_LITERAL_CONVERSION = YES;
				CLANG_WARN_OBJC_ROOT_CLASS = YES_ERROR;
				CLANG_WARN_RANGE_LOOP_ANALYSIS = YES;
				CLANG_WARN_STRICT_PROTOTYPES = YES;
				CLANG_WARN_SUSPICIOUS_MOVE = YES;
				CLANG_WARN_UNREACHABLE_CODE = YES;
				CLANG_WARN__DUPLICATE_METHOD_MATCH = YES;
				"CODE_SIGN_IDENTITY[sdk=iphoneos*]" = "iPhone Developer";
				COPY_PHASE_STRIP = NO;
				DEBUG_INFORMATION_FORMAT = dwarf;
				ENABLE_STRICT_OBJC_MSGSEND = YES;
				ENABLE_TESTABILITY = YES;
				GCC_C_LANGUAGE_STANDARD = gnu99;
				GCC_DYNAMIC_NO_PIC = NO;
				GCC_NO_COMMON_BLOCKS = YES;
				GCC_OPTIMIZATION_LEVEL = 0;
				GCC_PREPROCESSOR_DEFINITIONS = (
					"DEBUG=1",
					"$(inherited)",
				);
				GCC_WARN_64_TO_32_BIT_CONVERSION = YES;
				GCC_WARN_ABOUT_RETURN_TYPE = YES_ERROR;
				GCC_WARN_UNDECLARED_SELECTOR = YES;
				GCC_WARN_UNINITIALIZED_AUTOS = YES_AGGRESSIVE;
				GCC_WARN_UNUSED_FUNCTION = YES;
				GCC_WARN_UNUSED_VARIABLE = YES;
				IPHONEOS_DEPLOYMENT_TARGET = 11;
				MTL_ENABLE_DEBUG_INFO = YES;
				ONLY_ACTIVE_ARCH = YES;
				SDKROOT = iphoneos;
				SWIFT_ACTIVE_COMPILATION_CONDITIONS = DEBUG;
				SWIFT_OPTIMIZATION_LEVEL = "-Onone";
			};
			name = Debug;
		};
		B921DDEF1EABA11C00C7C361 /* Release */ = {
			isa = XCBuildConfiguration;
			buildSettings = {
				ALWAYS_SEARCH_USER_PATHS = NO;
				CLANG_ANALYZER_NONNULL = YES;
				CLANG_ANALYZER_NUMBER_OBJECT_CONVERSION = YES_AGGRESSIVE;
				CLANG_CXX_LANGUAGE_STANDARD = "gnu++0x";
				CLANG_CXX_LIBRARY = "libc++";
				CLANG_ENABLE_MODULES = YES;
				CLANG_ENABLE_OBJC_ARC = YES;
				CLANG_WARN_BLOCK_CAPTURE_AUTORELEASING = YES;
				CLANG_WARN_BOOL_CONVERSION = YES;
				CLANG_WARN_COMMA = YES;
				CLANG_WARN_CONSTANT_CONVERSION = YES;
				CLANG_WARN_DIRECT_OBJC_ISA_USAGE = YES_ERROR;
				CLANG_WARN_DOCUMENTATION_COMMENTS = YES;
				CLANG_WARN_EMPTY_BODY = YES;
				CLANG_WARN_ENUM_CONVERSION = YES;
				CLANG_WARN_INFINITE_RECURSION = YES;
				CLANG_WARN_INT_CONVERSION = YES;
				CLANG_WARN_NON_LITERAL_NULL_CONVERSION = YES;
				CLANG_WARN_OBJC_LITERAL_CONVERSION = YES;
				CLANG_WARN_OBJC_ROOT_CLASS = YES_ERROR;
				CLANG_WARN_RANGE_LOOP_ANALYSIS = YES;
				CLANG_WARN_STRICT_PROTOTYPES = YES;
				CLANG_WARN_SUSPICIOUS_MOVE = YES;
				CLANG_WARN_UNREACHABLE_CODE = YES;
				CLANG_WARN__DUPLICATE_METHOD_MATCH = YES;
				"CODE_SIGN_IDENTITY[sdk=iphoneos*]" = "iPhone Developer";
				COPY_PHASE_STRIP = NO;
				DEBUG_INFORMATION_FORMAT = "dwarf-with-dsym";
				ENABLE_NS_ASSERTIONS = NO;
				ENABLE_STRICT_OBJC_MSGSEND = YES;
				GCC_C_LANGUAGE_STANDARD = gnu99;
				GCC_NO_COMMON_BLOCKS = YES;
				GCC_WARN_64_TO_32_BIT_CONVERSION = YES;
				GCC_WARN_ABOUT_RETURN_TYPE = YES_ERROR;
				GCC_WARN_UNDECLARED_SELECTOR = YES;
				GCC_WARN_UNINITIALIZED_AUTOS = YES_AGGRESSIVE;
				GCC_WARN_UNUSED_FUNCTION = YES;
				GCC_WARN_UNUSED_VARIABLE = YES;
				IPHONEOS_DEPLOYMENT_TARGET = 11;
				MTL_ENABLE_DEBUG_INFO = NO;
				SDKROOT = iphoneos;
				SWIFT_OPTIMIZATION_LEVEL = "-Owholemodule";
				VALIDATE_PRODUCT = YES;
			};
			name = Release;
		};
		B921DDF11EABA11C00C7C361 /* Debug */ = {
			isa = XCBuildConfiguration;
			baseConfigurationReference = 12B11D5388F284E39EA4D9FE /* Pods-MusicProfile.debug.xcconfig */;
			buildSettings = {
				ASSETCATALOG_COMPILER_APPICON_NAME = AppIcon;
				DEVELOPMENT_TEAM = 9P63DYGH75;
				INFOPLIST_FILE = MusicProfile/Info.plist;
				IPHONEOS_DEPLOYMENT_TARGET = 11.0;
				LD_RUNPATH_SEARCH_PATHS = "$(inherited) @executable_path/Frameworks";
				PRODUCT_BUNDLE_IDENTIFIER = talthent.MusicProfile;
				PRODUCT_NAME = "$(TARGET_NAME)";
				SWIFT_VERSION = 3.0;
			};
			name = Debug;
		};
		B921DDF21EABA11C00C7C361 /* Release */ = {
			isa = XCBuildConfiguration;
			baseConfigurationReference = 2EEBE4594CA8B901E5670FB1 /* Pods-MusicProfile.release.xcconfig */;
			buildSettings = {
				ASSETCATALOG_COMPILER_APPICON_NAME = AppIcon;
				DEVELOPMENT_TEAM = 9P63DYGH75;
				INFOPLIST_FILE = MusicProfile/Info.plist;
				IPHONEOS_DEPLOYMENT_TARGET = 11.0;
				LD_RUNPATH_SEARCH_PATHS = "$(inherited) @executable_path/Frameworks";
				PRODUCT_BUNDLE_IDENTIFIER = talthent.MusicProfile;
				PRODUCT_NAME = "$(TARGET_NAME)";
				SWIFT_VERSION = 3.0;
			};
			name = Release;
		};
/* End XCBuildConfiguration section */

/* Begin XCConfigurationList section */
		B921DDD91EABA11C00C7C361 /* Build configuration list for PBXProject "MusicProfile" */ = {
			isa = XCConfigurationList;
			buildConfigurations = (
				B921DDEE1EABA11C00C7C361 /* Debug */,
				B921DDEF1EABA11C00C7C361 /* Release */,
			);
			defaultConfigurationIsVisible = 0;
			defaultConfigurationName = Release;
		};
		B921DDF01EABA11C00C7C361 /* Build configuration list for PBXNativeTarget "MusicProfile" */ = {
			isa = XCConfigurationList;
			buildConfigurations = (
				B921DDF11EABA11C00C7C361 /* Debug */,
				B921DDF21EABA11C00C7C361 /* Release */,
			);
			defaultConfigurationIsVisible = 0;
			defaultConfigurationName = Release;
		};
/* End XCConfigurationList section */
	};
	rootObject = B921DDD61EABA11C00C7C361 /* Project object */;
}
